github.com/cespare/xxhash/v2 v2.2.0 h1:DC2OnBfQ9cOGgB5H9dJbIbNlbyHrCcNAtD9piF50E0=
github.com/cespare/xxhash/v2 v2.2.0/go.mod h1:VGX0DQ3Q6Gq3dAOQL7OzVVSVNNJLMtLLU+IBJoMKA=
github.com/dgryski/go-rendezvous v0.0.0-20200823014737-9f7001d12a5f h1:lO4WD4F/rVNCu3l0S6w0J6o66utAsAu9mzLDVXYvyY=
github.com/dgryski/go-rendezvous v0.0.0-20200823014737-9f7001d12a5f/go.mod h1:sccOnqvHCSf3Z8F2f5p/Wyl6ylzc7Z6cAB7v6g0Apc=
github.com/google/uuid v1.6.0 h1:NIvaJDMOsjHA8n1jAhLSgzrAzy1gnKoaQv92bnaSYA=
github.com/google/uuid v1.6.0/go.mod h1:TIyPZe4MgqvfeYDBFedMoGGpEw/LqR17L0IXoQCa7A=
github.com/joho/godotenv v1.5.1 h1:7NXcTBmrZN6aUfBERTX8VrgQnHNMdLxcHPoWs4dMzw=
github.com/joho/godotenv v1.5.1/go.mod h1:f4LDr5Voq0i2e/R5DDNOoa2zzDfwtkxj2f9QqAyQC0=
github.com/lib/pq v1.10.9 h1:YXG7RB+JIjhP29X+OtkiDnYaXQsRKCI3/uIVDY4Rcs=
github.com/lib/pq v1.10.9/go.mod h1:AlVSvNntv5DwOJ/mTkf6kJUQT9twXrBr5NdV/9M4A=
github.com/redis/go-redis/v9 v9.5.1 h1:H8+t9+lnbmI+JKqGE8vEcuHvvT6/wR/0EjpvFQmGsQ=
github.com/redis/go-redis/v9 v9.5.1/go.mod h1:hdY0cQFCN4fnSYBcVl1mPbHIda+N7jv7g6IqQlwxA8=
golang.org/x/crypto v0.23.0 h1:dIJU/v2J8DwSoQ2Erv5FFPbeKL45/tqq3aVbrux2Ps=
golang.org/x/crypto v0.23.0/go.mod h1:CKFgDieR+mRhux2Lsu27y0fO304Db0wZe70UKqHu0v=
golang.org/x/exp v0.0.0-20240506185415-9bf2ced13842 h1:vr/HnozM2dKMQo9d0l6fCahTJqaVZrVmSPIxdxFmN8=
golang.org/x/crypto v0.23.0/go.mod h1:CKFgDieR+mRhux2Lsu27y0fO304Db0wZe70UKqHu0v=
