github.com/davecgh/go-spew v1.1.1 h1:vj9j/u1bqnvCEfJOwUhtlOARqs3+rkHB8X9959JvO4=
github.com/davecgh/go-spew v1.1.1/go.mod h1:J7Y8YcW2NihsgmVo/mv3lAwl/skON4iLHjSsI+c5H8=
github.com/golang-jwt/jwt/v5 v5.2.0 h1:d/IROy4/P1Nntzvgomi4+n3Go2dE7BlXXXUVzstuvA=
github.com/golang-jwt/jwt/v5 v5.2.0/go.mod h1:NAJj0yoto+2K6QCuYHm6AV2XlQHc+6D3KxSmaslog=
github.com/google/uuid v1.6.0 h1:NIvaJDMOsjHA8n1jAhLSgzrAzy1gUm0GX6/6f7CMUU=
github.com/google/uuid v1.6.0/go.mod h1:TIyPZe4MgqvfeYDBFedMoGGpEw/LqOia5nYf1K6lCc=
github.com/jackc/pgpassfile v1.0.0 h1:/6Hmqy13Ss2zCq62AdJsFaxCvkDmfmtuoJLstTLciI=
github.com/jackc/pgpassfile v1.0.0/go.mod h1:CEx0iS5ambQpVUycaV/gSoB00gkYvB0lDwuoAnqQHo=
github.com/jackc/pgservicefile v0.0.0-20221227161230-091c0ba34f0a h1:bbPeKD0xmW/UEqn2z5QxCiiGgrD3vnzJ2wnVsC807A=
github.com/jackc/pgservicefile v0.0.0-20221227161230-091c0ba34f0a/go.mod h1:5yOLx1inmdBLrb60LFqSeC07ESnrNewa2k6c8GgSxg=
github.com/jackc/pgx/v5 v5.5.4 h1:Ou4VHIWo6Z7eEudYP0SnmxiBX+F5tMtEVQCNF/HGFM=
github.com/jackc/pgx/v5 v5.5.4/go.mod h1:aPbL8b/VzwKwSNfKbr57BXQGL+J9Ppv+SQ6u6eVJg=
github.com/jackc/puddle/v2 v2.2.1 h1:RhxXJtFG022u4ibrCSMSiCJisIzW+d16T630PqIIWE=
github.com/jackc/puddle/v2 v2.2.1/go.mod h1:vriiEXLsCN6PJlAKHWQn0QIg0nIGsRVlCfa7JM7Q1U=
github.com/pmezard/go-difflib v1.0.0 h1:4DBwDE0NGyQoBHbLQWZoefc2BNGw6b80IcLg4g834Cc=
github.com/pmezard/go-difflib v1.0.0/go.mod h1:iKH77koFhYxTK1pcRnkGLp1VFSVsFCmMDQmPqUX7us=
github.com/stretchr/testify v1.8.4 h1:CcVxjf3Q8fs0RNZFlgd+P2CJ9/aPhe5ultraFkH9D8w=
github.com/stretchr/testify v1.8.4/go.mod h1:sz/wgYYOY7tYyU9nXlQo3G/nrQX4DAO36If/aiMXjU=
github.com/urfave/cli/v2 v2.25.7 h1:VAzn5oTP8rpomfV0ancjwqSL7jVH7DzqnRZ6t0VAqQ=
github.com/urfave/cli/v2 v2.25.7/go.mod h1:GHupkWPMM0M/y/IgB4F+twCTJxupK/mm2m/nKnD12A=
github.com/xrash/smetrics v0.0.0-20201216005158-039620a65673 h1:bAn7/zixMGCfxrRAtKFJja/8DLs7wcs/uNHlfLvuCg=
github.com/xrash/smetrics v0.0.0-20201216005158-039620a65673/go.mod h1:N3UwUGtsrSj3ccvlPHLoLsHnpYjtsFh5Y8Y2FmzWQ0=
go.uber.org/multierr v1.11.0 h1:blXXJkSxSSfBVBlC2gSTxS6COe7YYwsHKlIuM/I5UI=
go.uber.org/multierr v1.11.0/go.mod h1:20+QtB8LL+uAI3V32RtEDKYRPMwV2mBLicrof7nLEo=
go.uber.org/zap v1.27.0 h1:aJMhYGrd5QSmlpLMr2MftRKl7t8J8PTZPA732Zqdm0=
go.uber.org/zap v1.27.0/go.mod h1:7KHcEGdCD5PDLPYQfYC7j33odlEA+LS+Ap6j4CgNfM=
golang.org/x/crypto v0.19.0 h1:ENy+Az/9Y1vSrlrvBSyna3PIrU7s4hc1rAMI9UwQvg=
golang.org/x/crypto v0.19.0/go.mod h1:Xwn81I6kSKP3nfQvf+qYobZjl0iIviNcKoA8pCr7aM=
golang.org/x/sync v0.5.0 h1:60k92dhOjHxJkrqnwsfl8KuX60xzIAY2ots3uyHlkA=
golang.org/x/sync v0.5.0/go.mod h1:Czt+wKu+jkqNfs01+LLWIkimpI5shlEuc7PdhL+UqU=
golang.org/x/text v0.14.0 h1:ScX5w1eTa60QWvqsGoesrzKL88Q3fJt3z7GkO7v+1Y=
golang.org/x/text v0.14.0/go.mod h1:18ZOQIKpY8NJVqYksKHtTdi31H5itlQ4OcJJqAP4yc=
gopkg.in/yaml.v3 v3.0.1 h1:fxVm/GzuluF8twg4pgyk7nQBn88iKiIioC6cgdgXMY=
gopkg.in/yaml.v3 v3.0.1/go.mod h1:K4uyk7z7BCEPqu6E+C64Yfv1cQ7kz7rIZviUmN+EgE=
